{
  "name": "@hellocoop/lambda",
  "version": "1.0.0",
  "lockfileVersion": 3,
  "requires": true,
  "packages": {
    "": {
      "name": "@hellocoop/lambda",
      "version": "1.0.0",
      "license": "MIT",
      "dependencies": {
        "@hellocoop/router": "*",
        "dotenv": "^16.4.5"
      },
      "engines": {
        "node": ">=18"
      }
    },
    "node_modules/@hellocoop/constants": {
      "version": "1.0.6",
      "resolved": "https://registry.npmjs.org/@hellocoop/constants/-/constants-1.0.6.tgz",
      "integrity": "sha512-wZSuMHnZWY7zf+m4I4u6pYXjNNLWsdt5oPxuVh65EfNGF/on1cQeZwEuPCoCFy9SJmmMky3IW+sHMYXqF3QcAw==",
      "engines": {
        "node": ">=18"
      }
    },
    "node_modules/@hellocoop/core": {
      "version": "1.3.5",
      "resolved": "https://registry.npmjs.org/@hellocoop/core/-/core-1.3.5.tgz",
      "integrity": "sha512-TztKvY8g4CQj6AIIV4Y0RGHgvhOIZAiLsla9q7VZcSBiNRg7+YpmyQUzkYdGY65R9M1n5CEXNbB2XWwU/B/W4Q==",
      "dependencies": {
        "@hellocoop/constants": "*"
      },
      "engines": {
        "node": ">=18"
      }
    },
    "node_modules/@hellocoop/router": {
      "version": "1.5.4",
      "resolved": "https://registry.npmjs.org/@hellocoop/router/-/router-1.5.4.tgz",
      "integrity": "sha512-m67doN8lxX43lrX/Se+DSIgwwFnpzhkugLWNnNs+d3z0Ofz6L5bt81uCKJhGaSeGlCAbFJf1J1ogur5nTXT/tw==",
      "dependencies": {
        "@hellocoop/constants": "*",
        "@hellocoop/core": "*",
        "cookie": "^0.5.0"
      },
      "engines": {
        "node": ">=18"
      }
    },
    "node_modules/cookie": {
      "version": "0.5.0",
      "resolved": "https://registry.npmjs.org/cookie/-/cookie-0.5.0.tgz",
      "integrity": "sha512-YZ3GUyn/o8gfKJlnlX7g7xq4gyO6OSuhGPKaaGssGB2qgDUS0gPgtTvoyZLTt9Ab6dC4hfc9dV5arkvc/OCmrw==",
      "engines": {
        "node": ">= 0.6"
      }
    },
    "node_modules/dotenv": {
      "version": "16.4.5",
      "resolved": "https://registry.npmjs.org/dotenv/-/dotenv-16.4.5.tgz",
      "integrity": "sha512-ZmdL2rui+eB2YwhsWzjInR8LldtZHGDoQ1ugH85ppHKwpUHL7j7rN0Ti9NCnGiQbhaZ11FpR+7ao1dNsmduNUg==",
      "engines": {
        "node": ">=12"
      },
      "funding": {
        "url": "https://dotenvx.com"
      }
    }
  }
}
